
Microsoft Visual Studio Solution File, Format Version 12.00
Project("{FAE04EC0-301F-11D3-BF4B-00C04F79EFBC}") = "apbd10", "apbd10\apbd10.csproj", "{DB9362A0-F16C-41BC-9C52-465089F9E232}"
EndProject
Global
	GlobalSection(SolutionConfigurationPlatforms) = preSolution
		Debug|Any CPU = Debug|Any CPU
		Release|Any CPU = Release|Any CPU
	EndGlobalSection
	GlobalSection(ProjectConfigurationPlatforms) = postSolution
		{DB9362A0-F16C-41BC-9C52-465089F9E232}.Debug|Any CPU.ActiveCfg = Debug|Any CPU
		{DB9362A0-F16C-41BC-9C52-465089F9E232}.Debug|Any CPU.Build.0 = Debug|Any CPU
		{DB9362A0-F16C-41BC-9C52-465089F9E232}.Release|Any CPU.ActiveCfg = Release|Any CPU
		{DB9362A0-F16C-41BC-9C52-465089F9E232}.Release|Any CPU.Build.0 = Release|Any CPU
	EndGlobalSection
EndGlobal
